// !$*UTF8*$!
{
	archiveVersion = 1;
	classes = {
	};
	objectVersion = 46;
	objects = {

/* Begin PBXBuildFile section */
		6A29729C1BC55D6C004D9EC9 /* RealmThreadHelper.swift in Sources */ = {isa = PBXBuildFile; fileRef = 6A29729B1BC55D6C004D9EC9 /* RealmThreadHelper.swift */; };
		C133C9C61B97381600E51393 /* ObjectExtension.swift in Sources */ = {isa = PBXBuildFile; fileRef = C133C9C51B97381600E51393 /* ObjectExtension.swift */; };
		C1565E8F1B970362003B7ABD /* RealmExtension.swift in Sources */ = {isa = PBXBuildFile; fileRef = C1D8710A1B72673E00C0ED18 /* RealmExtension.swift */; };
		C1565E901B970362003B7ABD /* RealmNotification.swift in Sources */ = {isa = PBXBuildFile; fileRef = C1D8710B1B72673E00C0ED18 /* RealmNotification.swift */; };
		C1565E911B970362003B7ABD /* RealmLogger.swift in Sources */ = {isa = PBXBuildFile; fileRef = C14CD7601B739E6300C5BF92 /* RealmLogger.swift */; };
		C1565E921B970362003B7ABD /* RealmChange.swift in Sources */ = {isa = PBXBuildFile; fileRef = C11D6BE71B7A0F72000B8398 /* RealmChange.swift */; };
		C1565E931B970362003B7ABD /* RealmRequest.swift in Sources */ = {isa = PBXBuildFile; fileRef = C1D8710C1B72673E00C0ED18 /* RealmRequest.swift */; };
		C1565E941B970362003B7ABD /* RealmResultsCache.swift in Sources */ = {isa = PBXBuildFile; fileRef = C1D8710D1B72673E00C0ED18 /* RealmResultsCache.swift */; };
		C1565E951B970362003B7ABD /* RealmResultsController.swift in Sources */ = {isa = PBXBuildFile; fileRef = C1D8710E1B72673E00C0ED18 /* RealmResultsController.swift */; };
		C1565E961B970362003B7ABD /* RealmSection.swift in Sources */ = {isa = PBXBuildFile; fileRef = 6A1010FB1B74A83600321CE6 /* RealmSection.swift */; };
		C1565EB41B970654003B7ABD /* RealmTestHelper.swift in Sources */ = {isa = PBXBuildFile; fileRef = C127071C1B73944900B66698 /* RealmTestHelper.swift */; };
		C1565EB91B97074C003B7ABD /* test.realm in Resources */ = {isa = PBXBuildFile; fileRef = 6A5F153D1B736D5300250E29 /* test.realm */; };
		C1565EC41B9711CF003B7ABD /* TestModels.swift in Sources */ = {isa = PBXBuildFile; fileRef = C1565EBC1B970A9D003B7ABD /* TestModels.swift */; };
		C1565EC51B971570003B7ABD /* ViewController.swift in Sources */ = {isa = PBXBuildFile; fileRef = C1565EBE1B970B12003B7ABD /* ViewController.swift */; };
		C1565EC81B9717C3003B7ABD /* ViewModels.swift in Sources */ = {isa = PBXBuildFile; fileRef = C1565EC01B970B1F003B7ABD /* ViewModels.swift */; };
		C169FE991C189793001FC9EF /* RealmQueueManager.swift in Sources */ = {isa = PBXBuildFile; fileRef = C169FE981C189793001FC9EF /* RealmQueueManager.swift */; };
		C18B28851B9EEB620082F983 /* Realm.framework in Frameworks */ = {isa = PBXBuildFile; fileRef = C18B28831B9EEB620082F983 /* Realm.framework */; };
		C18B28861B9EEB620082F983 /* Realm.framework in Frameworks */ = {isa = PBXBuildFile; fileRef = C18B28831B9EEB620082F983 /* Realm.framework */; };
		C18B28871B9EEB620082F983 /* RealmSwift.framework in Frameworks */ = {isa = PBXBuildFile; fileRef = C18B28841B9EEB620082F983 /* RealmSwift.framework */; };
		C18B28881B9EEB620082F983 /* RealmSwift.framework in Frameworks */ = {isa = PBXBuildFile; fileRef = C18B28841B9EEB620082F983 /* RealmSwift.framework */; };
		C18B28891B9EEB6C0082F983 /* Realm.framework in Embed Frameworks */ = {isa = PBXBuildFile; fileRef = C18B28831B9EEB620082F983 /* Realm.framework */; settings = {ATTRIBUTES = (CodeSignOnCopy, RemoveHeadersOnCopy, ); }; };
		C18B288A1B9EEB6C0082F983 /* RealmSwift.framework in Embed Frameworks */ = {isa = PBXBuildFile; fileRef = C18B28841B9EEB620082F983 /* RealmSwift.framework */; settings = {ATTRIBUTES = (CodeSignOnCopy, RemoveHeadersOnCopy, ); }; };
		C18C37651B72670F008DE6A6 /* AppDelegate.swift in Sources */ = {isa = PBXBuildFile; fileRef = C18C37641B72670F008DE6A6 /* AppDelegate.swift */; };
		C18C376A1B72670F008DE6A6 /* Main.storyboard in Resources */ = {isa = PBXBuildFile; fileRef = C18C37681B72670F008DE6A6 /* Main.storyboard */; };
		C18C376C1B72670F008DE6A6 /* Assets.xcassets in Resources */ = {isa = PBXBuildFile; fileRef = C18C376B1B72670F008DE6A6 /* Assets.xcassets */; };
		C18C376F1B72670F008DE6A6 /* LaunchScreen.storyboard in Resources */ = {isa = PBXBuildFile; fileRef = C18C376D1B72670F008DE6A6 /* LaunchScreen.storyboard */; };
		C1A0028E1B9702C1000C0E8C /* RealmResultsController-iOS.h in Headers */ = {isa = PBXBuildFile; fileRef = C1A0028D1B9702C1000C0E8C /* RealmResultsController-iOS.h */; settings = {ATTRIBUTES = (Public, ); }; };
		C1A002951B9702C1000C0E8C /* RealmResultsController.framework in Frameworks */ = {isa = PBXBuildFile; fileRef = C1A0028B1B9702C1000C0E8C /* RealmResultsController.framework */; };
		C1A002A01B9702C2000C0E8C /* RealmResultsController.framework in Frameworks */ = {isa = PBXBuildFile; fileRef = C1A0028B1B9702C1000C0E8C /* RealmResultsController.framework */; };
		C1A002A11B9702C2000C0E8C /* RealmResultsController.framework in Embed Frameworks */ = {isa = PBXBuildFile; fileRef = C1A0028B1B9702C1000C0E8C /* RealmResultsController.framework */; settings = {ATTRIBUTES = (CodeSignOnCopy, RemoveHeadersOnCopy, ); }; };
		C1BB57341D6E40F600F9E016 /* RRCError.swift in Sources */ = {isa = PBXBuildFile; fileRef = C1BB57331D6E40F600F9E016 /* RRCError.swift */; };
		C1DF1DD11CBA8F9A0040000A /* Quick.framework in CopyFiles */ = {isa = PBXBuildFile; fileRef = C1A002461B96F790000C0E8C /* Quick.framework */; settings = {ATTRIBUTES = (CodeSignOnCopy, RemoveHeadersOnCopy, ); }; };
		C1DF1DD21CBA8F9A0040000A /* Nimble.framework in CopyFiles */ = {isa = PBXBuildFile; fileRef = C1A002471B96F790000C0E8C /* Nimble.framework */; settings = {ATTRIBUTES = (CodeSignOnCopy, RemoveHeadersOnCopy, ); }; };
		C1E4BF661C19F1B900450F14 /* RealmQueueManagerTests.swift in Sources */ = {isa = PBXBuildFile; fileRef = C1A2DC091C19C33F00D2F0F0 /* RealmQueueManagerTests.swift */; };
		C1E4BF671C19F1CC00450F14 /* RealmLoggerTests.swift in Sources */ = {isa = PBXBuildFile; fileRef = C14CD7621B739EE600C5BF92 /* RealmLoggerTests.swift */; };
		C1E4BF681C19F1DB00450F14 /* RealmNotificationTests.swift in Sources */ = {isa = PBXBuildFile; fileRef = C14CD75E1B7396D600C5BF92 /* RealmNotificationTests.swift */; };
		C1E4BF691C19F1E700450F14 /* RealmSectionSpec.swift in Sources */ = {isa = PBXBuildFile; fileRef = 6A1010FD1B74C5BB00321CE6 /* RealmSectionSpec.swift */; };
		C1E4BF6A1C19F1F400450F14 /* RealmObjectSpec.swift in Sources */ = {isa = PBXBuildFile; fileRef = C149FA0A1BB1B96000392AB7 /* RealmObjectSpec.swift */; };
		C1E4BF6B1C19F20000450F14 /* RealmResultsCacheTests.swift in Sources */ = {isa = PBXBuildFile; fileRef = 6A68B20B1B735CFB007645A7 /* RealmResultsCacheTests.swift */; };
		C1E4BF6C1C19F20F00450F14 /* RealmExtensionSpec.swift in Sources */ = {isa = PBXBuildFile; fileRef = 6A1010FF1B74C92200321CE6 /* RealmExtensionSpec.swift */; };
		C1E4BF6D1C19F23000450F14 /* RealmResultsControllerTests.swift in Sources */ = {isa = PBXBuildFile; fileRef = C1E549C91B73BE0A00341B47 /* RealmResultsControllerTests.swift */; };
/* End PBXBuildFile section */

/* Begin PBXContainerItemProxy section */
		C1A002961B9702C1000C0E8C /* PBXContainerItemProxy */ = {
			isa = PBXContainerItemProxy;
			containerPortal = C18C37591B72670F008DE6A6 /* Project object */;
			proxyType = 1;
			remoteGlobalIDString = C1A0028A1B9702C1000C0E8C;
			remoteInfo = "RealmResultsController-iOS";
		};
		C1A002981B9702C2000C0E8C /* PBXContainerItemProxy */ = {
			isa = PBXContainerItemProxy;
			containerPortal = C18C37591B72670F008DE6A6 /* Project object */;
			proxyType = 1;
			remoteGlobalIDString = C18C37601B72670F008DE6A6;
			remoteInfo = RealmResultsController;
		};
		C1A0029E1B9702C2000C0E8C /* PBXContainerItemProxy */ = {
			isa = PBXContainerItemProxy;
			containerPortal = C18C37591B72670F008DE6A6 /* Project object */;
			proxyType = 1;
			remoteGlobalIDString = C1A0028A1B9702C1000C0E8C;
			remoteInfo = "RealmResultsController-iOS";
		};
/* End PBXContainerItemProxy section */

/* Begin PBXCopyFilesBuildPhase section */
		C1A002521B96F892000C0E8C /* Embed Frameworks */ = {
			isa = PBXCopyFilesBuildPhase;
			buildActionMask = 2147483647;
			dstPath = "";
			dstSubfolderSpec = 10;
			files = (
				C18B28891B9EEB6C0082F983 /* Realm.framework in Embed Frameworks */,
				C18B288A1B9EEB6C0082F983 /* RealmSwift.framework in Embed Frameworks */,
				C1A002A11B9702C2000C0E8C /* RealmResultsController.framework in Embed Frameworks */,
			);
			name = "Embed Frameworks";
			runOnlyForDeploymentPostprocessing = 0;
		};
		C1DF1DD01CBA8F920040000A /* CopyFiles */ = {
			isa = PBXCopyFilesBuildPhase;
			buildActionMask = 2147483647;
			dstPath = "";
			dstSubfolderSpec = 10;
			files = (
				C1DF1DD11CBA8F9A0040000A /* Quick.framework in CopyFiles */,
				C1DF1DD21CBA8F9A0040000A /* Nimble.framework in CopyFiles */,
			);
			runOnlyForDeploymentPostprocessing = 0;
		};
/* End PBXCopyFilesBuildPhase section */

/* Begin PBXFileReference section */
		6A1010FB1B74A83600321CE6 /* RealmSection.swift */ = {isa = PBXFileReference; fileEncoding = 4; lastKnownFileType = sourcecode.swift; name = RealmSection.swift; path = ../../Source/RealmSection.swift; sourceTree = "<group>"; };
		6A1010FD1B74C5BB00321CE6 /* RealmSectionSpec.swift */ = {isa = PBXFileReference; fileEncoding = 4; lastKnownFileType = sourcecode.swift; path = RealmSectionSpec.swift; sourceTree = "<group>"; };
		6A1010FF1B74C92200321CE6 /* RealmExtensionSpec.swift */ = {isa = PBXFileReference; fileEncoding = 4; lastKnownFileType = sourcecode.swift; path = RealmExtensionSpec.swift; sourceTree = "<group>"; };
		6A29729B1BC55D6C004D9EC9 /* RealmThreadHelper.swift */ = {isa = PBXFileReference; fileEncoding = 4; lastKnownFileType = sourcecode.swift; name = RealmThreadHelper.swift; path = ../../Source/RealmThreadHelper.swift; sourceTree = "<group>"; };
		6A5F153D1B736D5300250E29 /* test.realm */ = {isa = PBXFileReference; lastKnownFileType = file; path = test.realm; sourceTree = "<group>"; };
		6A68B20B1B735CFB007645A7 /* RealmResultsCacheTests.swift */ = {isa = PBXFileReference; fileEncoding = 4; lastKnownFileType = sourcecode.swift; path = RealmResultsCacheTests.swift; sourceTree = "<group>"; };
		C11D6BE71B7A0F72000B8398 /* RealmChange.swift */ = {isa = PBXFileReference; fileEncoding = 4; lastKnownFileType = sourcecode.swift; name = RealmChange.swift; path = ../../Source/RealmChange.swift; sourceTree = "<group>"; };
		C127071C1B73944900B66698 /* RealmTestHelper.swift */ = {isa = PBXFileReference; fileEncoding = 4; lastKnownFileType = sourcecode.swift; path = RealmTestHelper.swift; sourceTree = "<group>"; };
		C133C9C51B97381600E51393 /* ObjectExtension.swift */ = {isa = PBXFileReference; fileEncoding = 4; lastKnownFileType = sourcecode.swift; name = ObjectExtension.swift; path = ../../Source/ObjectExtension.swift; sourceTree = "<group>"; };
		C149FA0A1BB1B96000392AB7 /* RealmObjectSpec.swift */ = {isa = PBXFileReference; fileEncoding = 4; lastKnownFileType = sourcecode.swift; path = RealmObjectSpec.swift; sourceTree = "<group>"; };
		C14CD75E1B7396D600C5BF92 /* RealmNotificationTests.swift */ = {isa = PBXFileReference; fileEncoding = 4; lastKnownFileType = sourcecode.swift; path = RealmNotificationTests.swift; sourceTree = "<group>"; };
		C14CD7601B739E6300C5BF92 /* RealmLogger.swift */ = {isa = PBXFileReference; fileEncoding = 4; lastKnownFileType = sourcecode.swift; name = RealmLogger.swift; path = ../../Source/RealmLogger.swift; sourceTree = "<group>"; };
		C14CD7621B739EE600C5BF92 /* RealmLoggerTests.swift */ = {isa = PBXFileReference; fileEncoding = 4; lastKnownFileType = sourcecode.swift; path = RealmLoggerTests.swift; sourceTree = "<group>"; };
		C1565EBC1B970A9D003B7ABD /* TestModels.swift */ = {isa = PBXFileReference; fileEncoding = 4; lastKnownFileType = sourcecode.swift; path = TestModels.swift; sourceTree = "<group>"; };
		C1565EBE1B970B12003B7ABD /* ViewController.swift */ = {isa = PBXFileReference; fileEncoding = 4; lastKnownFileType = sourcecode.swift; path = ViewController.swift; sourceTree = "<group>"; };
		C1565EC01B970B1F003B7ABD /* ViewModels.swift */ = {isa = PBXFileReference; fileEncoding = 4; lastKnownFileType = sourcecode.swift; path = ViewModels.swift; sourceTree = "<group>"; };
		C169FE981C189793001FC9EF /* RealmQueueManager.swift */ = {isa = PBXFileReference; fileEncoding = 4; lastKnownFileType = sourcecode.swift; name = RealmQueueManager.swift; path = Source/RealmQueueManager.swift; sourceTree = SOURCE_ROOT; };
		C18B28831B9EEB620082F983 /* Realm.framework */ = {isa = PBXFileReference; lastKnownFileType = wrapper.framework; name = Realm.framework; path = Carthage/Build/iOS/Realm.framework; sourceTree = "<group>"; };
		C18B28841B9EEB620082F983 /* RealmSwift.framework */ = {isa = PBXFileReference; lastKnownFileType = wrapper.framework; name = RealmSwift.framework; path = Carthage/Build/iOS/RealmSwift.framework; sourceTree = "<group>"; };
		C18C37611B72670F008DE6A6 /* RealmResultsController-Example.app */ = {isa = PBXFileReference; explicitFileType = wrapper.application; includeInIndex = 0; path = "RealmResultsController-Example.app"; sourceTree = BUILT_PRODUCTS_DIR; };
		C18C37641B72670F008DE6A6 /* AppDelegate.swift */ = {isa = PBXFileReference; lastKnownFileType = sourcecode.swift; path = AppDelegate.swift; sourceTree = "<group>"; };
		C18C37691B72670F008DE6A6 /* Base */ = {isa = PBXFileReference; lastKnownFileType = file.storyboard; name = Base; path = Base.lproj/Main.storyboard; sourceTree = "<group>"; };
		C18C376B1B72670F008DE6A6 /* Assets.xcassets */ = {isa = PBXFileReference; lastKnownFileType = folder.assetcatalog; path = Assets.xcassets; sourceTree = "<group>"; };
		C18C376E1B72670F008DE6A6 /* Base */ = {isa = PBXFileReference; lastKnownFileType = file.storyboard; name = Base; path = Base.lproj/LaunchScreen.storyboard; sourceTree = "<group>"; };
		C18C37701B72670F008DE6A6 /* Info.plist */ = {isa = PBXFileReference; lastKnownFileType = text.plist.xml; path = Info.plist; sourceTree = "<group>"; };
		C1A002461B96F790000C0E8C /* Quick.framework */ = {isa = PBXFileReference; lastKnownFileType = wrapper.framework; name = Quick.framework; path = Carthage/Build/iOS/Quick.framework; sourceTree = "<group>"; };
		C1A002471B96F790000C0E8C /* Nimble.framework */ = {isa = PBXFileReference; lastKnownFileType = wrapper.framework; name = Nimble.framework; path = Carthage/Build/iOS/Nimble.framework; sourceTree = "<group>"; };
		C1A0028B1B9702C1000C0E8C /* RealmResultsController.framework */ = {isa = PBXFileReference; explicitFileType = wrapper.framework; includeInIndex = 0; path = RealmResultsController.framework; sourceTree = BUILT_PRODUCTS_DIR; };
		C1A0028D1B9702C1000C0E8C /* RealmResultsController-iOS.h */ = {isa = PBXFileReference; lastKnownFileType = sourcecode.c.h; path = "RealmResultsController-iOS.h"; sourceTree = "<group>"; };
		C1A0028F1B9702C1000C0E8C /* Info.plist */ = {isa = PBXFileReference; lastKnownFileType = text.plist.xml; path = Info.plist; sourceTree = "<group>"; };
		C1A002941B9702C1000C0E8C /* RealmResultsController-iOSTests.xctest */ = {isa = PBXFileReference; explicitFileType = wrapper.cfbundle; includeInIndex = 0; path = "RealmResultsController-iOSTests.xctest"; sourceTree = BUILT_PRODUCTS_DIR; };
		C1A0029D1B9702C2000C0E8C /* Info.plist */ = {isa = PBXFileReference; lastKnownFileType = text.plist.xml; path = Info.plist; sourceTree = "<group>"; };
		C1A2DC091C19C33F00D2F0F0 /* RealmQueueManagerTests.swift */ = {isa = PBXFileReference; fileEncoding = 4; lastKnownFileType = sourcecode.swift; path = RealmQueueManagerTests.swift; sourceTree = "<group>"; };
		C1BB57331D6E40F600F9E016 /* RRCError.swift */ = {isa = PBXFileReference; fileEncoding = 4; lastKnownFileType = sourcecode.swift; name = RRCError.swift; path = Source/RRCError.swift; sourceTree = SOURCE_ROOT; };
		C1D8710A1B72673E00C0ED18 /* RealmExtension.swift */ = {isa = PBXFileReference; fileEncoding = 4; lastKnownFileType = sourcecode.swift; name = RealmExtension.swift; path = ../../Source/RealmExtension.swift; sourceTree = "<group>"; };
		C1D8710B1B72673E00C0ED18 /* RealmNotification.swift */ = {isa = PBXFileReference; fileEncoding = 4; lastKnownFileType = sourcecode.swift; name = RealmNotification.swift; path = ../../Source/RealmNotification.swift; sourceTree = "<group>"; };
		C1D8710C1B72673E00C0ED18 /* RealmRequest.swift */ = {isa = PBXFileReference; fileEncoding = 4; lastKnownFileType = sourcecode.swift; name = RealmRequest.swift; path = ../../Source/RealmRequest.swift; sourceTree = "<group>"; };
		C1D8710D1B72673E00C0ED18 /* RealmResultsCache.swift */ = {isa = PBXFileReference; fileEncoding = 4; lastKnownFileType = sourcecode.swift; name = RealmResultsCache.swift; path = ../../Source/RealmResultsCache.swift; sourceTree = "<group>"; };
		C1D8710E1B72673E00C0ED18 /* RealmResultsController.swift */ = {isa = PBXFileReference; fileEncoding = 4; lastKnownFileType = sourcecode.swift; name = RealmResultsController.swift; path = ../../Source/RealmResultsController.swift; sourceTree = "<group>"; };
		C1E549C91B73BE0A00341B47 /* RealmResultsControllerTests.swift */ = {isa = PBXFileReference; fileEncoding = 4; lastKnownFileType = sourcecode.swift; path = RealmResultsControllerTests.swift; sourceTree = "<group>"; };
/* End PBXFileReference section */

/* Begin PBXFrameworksBuildPhase section */
		C18C375E1B72670F008DE6A6 /* Frameworks */ = {
			isa = PBXFrameworksBuildPhase;
			buildActionMask = 2147483647;
			files = (
				C18B28851B9EEB620082F983 /* Realm.framework in Frameworks */,
				C1A002A01B9702C2000C0E8C /* RealmResultsController.framework in Frameworks */,
				C18B28871B9EEB620082F983 /* RealmSwift.framework in Frameworks */,
			);
			runOnlyForDeploymentPostprocessing = 0;
		};
		C1A002871B9702C1000C0E8C /* Frameworks */ = {
			isa = PBXFrameworksBuildPhase;
			buildActionMask = 2147483647;
			files = (
				C18B28881B9EEB620082F983 /* RealmSwift.framework in Frameworks */,
				C18B28861B9EEB620082F983 /* Realm.framework in Frameworks */,
			);
			runOnlyForDeploymentPostprocessing = 0;
		};
		C1A002911B9702C1000C0E8C /* Frameworks */ = {
			isa = PBXFrameworksBuildPhase;
			buildActionMask = 2147483647;
			files = (
				C1A002951B9702C1000C0E8C /* RealmResultsController.framework in Frameworks */,
			);
			runOnlyForDeploymentPostprocessing = 0;
		};
/* End PBXFrameworksBuildPhase section */

/* Begin PBXGroup section */
		54D2990E1C523536710E0345 /* Frameworks */ = {
			isa = PBXGroup;
			children = (
				C18B28831B9EEB620082F983 /* Realm.framework */,
				C18B28841B9EEB620082F983 /* RealmSwift.framework */,
				C1A002461B96F790000C0E8C /* Quick.framework */,
				C1A002471B96F790000C0E8C /* Nimble.framework */,
			);
			name = Frameworks;
			sourceTree = "<group>";
		};
		C18C37581B72670F008DE6A6 = {
			isa = PBXGroup;
			children = (
				C18C37631B72670F008DE6A6 /* RealmResultsController */,
				C1A0028C1B9702C1000C0E8C /* RealmResultsController-iOS */,
				C1A0029A1B9702C2000C0E8C /* RealmResultsController-iOSTests */,
				C18C37621B72670F008DE6A6 /* Products */,
				54D2990E1C523536710E0345 /* Frameworks */,
			);
			sourceTree = "<group>";
		};
		C18C37621B72670F008DE6A6 /* Products */ = {
			isa = PBXGroup;
			children = (
				C18C37611B72670F008DE6A6 /* RealmResultsController-Example.app */,
				C1A0028B1B9702C1000C0E8C /* RealmResultsController.framework */,
				C1A002941B9702C1000C0E8C /* RealmResultsController-iOSTests.xctest */,
			);
			name = Products;
			sourceTree = "<group>";
		};
		C18C37631B72670F008DE6A6 /* RealmResultsController */ = {
			isa = PBXGroup;
			children = (
				C18C37641B72670F008DE6A6 /* AppDelegate.swift */,
				C1565EBE1B970B12003B7ABD /* ViewController.swift */,
				C1565EC01B970B1F003B7ABD /* ViewModels.swift */,
				C18C37681B72670F008DE6A6 /* Main.storyboard */,
				C18C376B1B72670F008DE6A6 /* Assets.xcassets */,
				C18C376D1B72670F008DE6A6 /* LaunchScreen.storyboard */,
				C18C37701B72670F008DE6A6 /* Info.plist */,
			);
			name = RealmResultsController;
			path = Example/RealmResultsController;
			sourceTree = "<group>";
		};
		C1A0028C1B9702C1000C0E8C /* RealmResultsController-iOS */ = {
			isa = PBXGroup;
			children = (
				C1A0028D1B9702C1000C0E8C /* RealmResultsController-iOS.h */,
				C1D8710A1B72673E00C0ED18 /* RealmExtension.swift */,
				C1BB57331D6E40F600F9E016 /* RRCError.swift */,
				C1D8710B1B72673E00C0ED18 /* RealmNotification.swift */,
				C14CD7601B739E6300C5BF92 /* RealmLogger.swift */,
				C11D6BE71B7A0F72000B8398 /* RealmChange.swift */,
				C1D8710C1B72673E00C0ED18 /* RealmRequest.swift */,
				C1D8710D1B72673E00C0ED18 /* RealmResultsCache.swift */,
				C1D8710E1B72673E00C0ED18 /* RealmResultsController.swift */,
				6A1010FB1B74A83600321CE6 /* RealmSection.swift */,
				C169FE981C189793001FC9EF /* RealmQueueManager.swift */,
				C133C9C51B97381600E51393 /* ObjectExtension.swift */,
				6A29729B1BC55D6C004D9EC9 /* RealmThreadHelper.swift */,
				C1A0028F1B9702C1000C0E8C /* Info.plist */,
			);
			name = "RealmResultsController-iOS";
			path = "Example/RealmResultsController-iOS";
			sourceTree = "<group>";
		};
		C1A0029A1B9702C2000C0E8C /* RealmResultsController-iOSTests */ = {
			isa = PBXGroup;
			children = (
				C1565EBC1B970A9D003B7ABD /* TestModels.swift */,
				C1E549C91B73BE0A00341B47 /* RealmResultsControllerTests.swift */,
				6A68B20B1B735CFB007645A7 /* RealmResultsCacheTests.swift */,
				6A1010FF1B74C92200321CE6 /* RealmExtensionSpec.swift */,
				C149FA0A1BB1B96000392AB7 /* RealmObjectSpec.swift */,
				6A1010FD1B74C5BB00321CE6 /* RealmSectionSpec.swift */,
				C14CD75E1B7396D600C5BF92 /* RealmNotificationTests.swift */,
				C14CD7621B739EE600C5BF92 /* RealmLoggerTests.swift */,
				C1A2DC091C19C33F00D2F0F0 /* RealmQueueManagerTests.swift */,
				C127071C1B73944900B66698 /* RealmTestHelper.swift */,
				6A5F153D1B736D5300250E29 /* test.realm */,
				C1A0029D1B9702C2000C0E8C /* Info.plist */,
			);
			name = "RealmResultsController-iOSTests";
			path = "Example/RealmResultsController-iOSTests";
			sourceTree = "<group>";
		};
/* End PBXGroup section */

/* Begin PBXHeadersBuildPhase section */
		C1A002881B9702C1000C0E8C /* Headers */ = {
			isa = PBXHeadersBuildPhase;
			buildActionMask = 2147483647;
			files = (
				C1A0028E1B9702C1000C0E8C /* RealmResultsController-iOS.h in Headers */,
			);
			runOnlyForDeploymentPostprocessing = 0;
		};
/* End PBXHeadersBuildPhase section */

/* Begin PBXNativeTarget section */
		C18C37601B72670F008DE6A6 /* RealmResultsController */ = {
			isa = PBXNativeTarget;
			buildConfigurationList = C18C377E1B72670F008DE6A6 /* Build configuration list for PBXNativeTarget "RealmResultsController" */;
			buildPhases = (
				C18C375D1B72670F008DE6A6 /* Sources */,
				C18C375E1B72670F008DE6A6 /* Frameworks */,
				C18C375F1B72670F008DE6A6 /* Resources */,
				C1A002521B96F892000C0E8C /* Embed Frameworks */,
			);
			buildRules = (
			);
			dependencies = (
				C1A0029F1B9702C2000C0E8C /* PBXTargetDependency */,
			);
			name = RealmResultsController;
			productName = RealmResultsController;
			productReference = C18C37611B72670F008DE6A6 /* RealmResultsController-Example.app */;
			productType = "com.apple.product-type.application";
		};
		C1A0028A1B9702C1000C0E8C /* RealmResultsController-iOS */ = {
			isa = PBXNativeTarget;
			buildConfigurationList = C1A002A61B9702C2000C0E8C /* Build configuration list for PBXNativeTarget "RealmResultsController-iOS" */;
			buildPhases = (
				C1A002861B9702C1000C0E8C /* Sources */,
				C1A002871B9702C1000C0E8C /* Frameworks */,
				C1A002881B9702C1000C0E8C /* Headers */,
				C1A002891B9702C1000C0E8C /* Resources */,
			);
			buildRules = (
			);
			dependencies = (
			);
			name = "RealmResultsController-iOS";
			productName = "RealmResultsController-iOS";
			productReference = C1A0028B1B9702C1000C0E8C /* RealmResultsController.framework */;
			productType = "com.apple.product-type.framework";
		};
		C1A002931B9702C1000C0E8C /* RealmResultsController-iOSTests */ = {
			isa = PBXNativeTarget;
			buildConfigurationList = C1A002A71B9702C2000C0E8C /* Build configuration list for PBXNativeTarget "RealmResultsController-iOSTests" */;
			buildPhases = (
				C1A002901B9702C1000C0E8C /* Sources */,
				C1A002911B9702C1000C0E8C /* Frameworks */,
				C1A002921B9702C1000C0E8C /* Resources */,
				C1676C0B1B971C1900BC0FC0 /* ShellScript */,
				C1DF1DD01CBA8F920040000A /* CopyFiles */,
			);
			buildRules = (
			);
			dependencies = (
				C1A002971B9702C1000C0E8C /* PBXTargetDependency */,
				C1A002991B9702C2000C0E8C /* PBXTargetDependency */,
			);
			name = "RealmResultsController-iOSTests";
			productName = "RealmResultsController-iOSTests";
			productReference = C1A002941B9702C1000C0E8C /* RealmResultsController-iOSTests.xctest */;
			productType = "com.apple.product-type.bundle.unit-test";
		};
/* End PBXNativeTarget section */

/* Begin PBXProject section */
		C18C37591B72670F008DE6A6 /* Project object */ = {
			isa = PBXProject;
			attributes = {
				LastUpgradeCheck = 0800;
				ORGANIZATIONNAME = Redbooth;
				TargetAttributes = {
					C18C37601B72670F008DE6A6 = {
						CreatedOnToolsVersion = 7.0;
						DevelopmentTeam = 2MD84ZL696;
						LastSwiftMigration = 0800;
					};
					C1A0028A1B9702C1000C0E8C = {
						CreatedOnToolsVersion = 7.0;
						LastSwiftMigration = 0800;
					};
					C1A002931B9702C1000C0E8C = {
						CreatedOnToolsVersion = 7.0;
						DevelopmentTeam = 2MD84ZL696;
						LastSwiftMigration = 0800;
						TestTargetID = C18C37601B72670F008DE6A6;
					};
				};
			};
			buildConfigurationList = C18C375C1B72670F008DE6A6 /* Build configuration list for PBXProject "RealmResultsController" */;
			compatibilityVersion = "Xcode 3.2";
			developmentRegion = English;
			hasScannedForEncodings = 0;
			knownRegions = (
				en,
				Base,
			);
			mainGroup = C18C37581B72670F008DE6A6;
			productRefGroup = C18C37621B72670F008DE6A6 /* Products */;
			projectDirPath = "";
			projectRoot = "";
			targets = (
				C18C37601B72670F008DE6A6 /* RealmResultsController */,
				C1A0028A1B9702C1000C0E8C /* RealmResultsController-iOS */,
				C1A002931B9702C1000C0E8C /* RealmResultsController-iOSTests */,
			);
		};
/* End PBXProject section */

/* Begin PBXResourcesBuildPhase section */
		C18C375F1B72670F008DE6A6 /* Resources */ = {
			isa = PBXResourcesBuildPhase;
			buildActionMask = 2147483647;
			files = (
				C18C376F1B72670F008DE6A6 /* LaunchScreen.storyboard in Resources */,
				C1565EB91B97074C003B7ABD /* test.realm in Resources */,
				C18C376C1B72670F008DE6A6 /* Assets.xcassets in Resources */,
				C18C376A1B72670F008DE6A6 /* Main.storyboard in Resources */,
			);
			runOnlyForDeploymentPostprocessing = 0;
		};
		C1A002891B9702C1000C0E8C /* Resources */ = {
			isa = PBXResourcesBuildPhase;
			buildActionMask = 2147483647;
			files = (
			);
			runOnlyForDeploymentPostprocessing = 0;
		};
		C1A002921B9702C1000C0E8C /* Resources */ = {
			isa = PBXResourcesBuildPhase;
			buildActionMask = 2147483647;
			files = (
			);
			runOnlyForDeploymentPostprocessing = 0;
		};
/* End PBXResourcesBuildPhase section */

/* Begin PBXShellScriptBuildPhase section */
		C1676C0B1B971C1900BC0FC0 /* ShellScript */ = {
			isa = PBXShellScriptBuildPhase;
			buildActionMask = 2147483647;
			files = (
			);
			inputPaths = (
				"$(SRCROOT)/Carthage/Build/iOS/Nimble.framework",
				"$(SRCROOT)/Carthage/Build/iOS/Quick.framework",
			);
			outputPaths = (
			);
			runOnlyForDeploymentPostprocessing = 0;
			shellPath = /bin/sh;
			shellScript = "/usr/local/bin/carthage copy-frameworks";
		};
/* End PBXShellScriptBuildPhase section */

/* Begin PBXSourcesBuildPhase section */
		C18C375D1B72670F008DE6A6 /* Sources */ = {
			isa = PBXSourcesBuildPhase;
			buildActionMask = 2147483647;
			files = (
				C1565EC81B9717C3003B7ABD /* ViewModels.swift in Sources */,
				C1565EC51B971570003B7ABD /* ViewController.swift in Sources */,
				C18C37651B72670F008DE6A6 /* AppDelegate.swift in Sources */,
			);
			runOnlyForDeploymentPostprocessing = 0;
		};
		C1A002861B9702C1000C0E8C /* Sources */ = {
			isa = PBXSourcesBuildPhase;
			buildActionMask = 2147483647;
			files = (
				C1565E931B970362003B7ABD /* RealmRequest.swift in Sources */,
				C1565E901B970362003B7ABD /* RealmNotification.swift in Sources */,
				C133C9C61B97381600E51393 /* ObjectExtension.swift in Sources */,
				6A29729C1BC55D6C004D9EC9 /* RealmThreadHelper.swift in Sources */,
				C1565E8F1B970362003B7ABD /* RealmExtension.swift in Sources */,
				C1565E961B970362003B7ABD /* RealmSection.swift in Sources */,
				C1565E951B970362003B7ABD /* RealmResultsController.swift in Sources */,
				C169FE991C189793001FC9EF /* RealmQueueManager.swift in Sources */,
				C1565E911B970362003B7ABD /* RealmLogger.swift in Sources */,
				C1565E921B970362003B7ABD /* RealmChange.swift in Sources */,
				C1BB57341D6E40F600F9E016 /* RRCError.swift in Sources */,
				C1565E941B970362003B7ABD /* RealmResultsCache.swift in Sources */,
			);
			runOnlyForDeploymentPostprocessing = 0;
		};
		C1A002901B9702C1000C0E8C /* Sources */ = {
			isa = PBXSourcesBuildPhase;
			buildActionMask = 2147483647;
			files = (
				C1E4BF6D1C19F23000450F14 /* RealmResultsControllerTests.swift in Sources */,
				C1565EB41B970654003B7ABD /* RealmTestHelper.swift in Sources */,
				C1E4BF6C1C19F20F00450F14 /* RealmExtensionSpec.swift in Sources */,
				C1E4BF6B1C19F20000450F14 /* RealmResultsCacheTests.swift in Sources */,
				C1E4BF671C19F1CC00450F14 /* RealmLoggerTests.swift in Sources */,
				C1E4BF691C19F1E700450F14 /* RealmSectionSpec.swift in Sources */,
				C1E4BF681C19F1DB00450F14 /* RealmNotificationTests.swift in Sources */,
				C1565EC41B9711CF003B7ABD /* TestModels.swift in Sources */,
				C1E4BF6A1C19F1F400450F14 /* RealmObjectSpec.swift in Sources */,
				C1E4BF661C19F1B900450F14 /* RealmQueueManagerTests.swift in Sources */,
			);
			runOnlyForDeploymentPostprocessing = 0;
		};
/* End PBXSourcesBuildPhase section */

/* Begin PBXTargetDependency section */
		C1A002971B9702C1000C0E8C /* PBXTargetDependency */ = {
			isa = PBXTargetDependency;
			target = C1A0028A1B9702C1000C0E8C /* RealmResultsController-iOS */;
			targetProxy = C1A002961B9702C1000C0E8C /* PBXContainerItemProxy */;
		};
		C1A002991B9702C2000C0E8C /* PBXTargetDependency */ = {
			isa = PBXTargetDependency;
			target = C18C37601B72670F008DE6A6 /* RealmResultsController */;
			targetProxy = C1A002981B9702C2000C0E8C /* PBXContainerItemProxy */;
		};
		C1A0029F1B9702C2000C0E8C /* PBXTargetDependency */ = {
			isa = PBXTargetDependency;
			target = C1A0028A1B9702C1000C0E8C /* RealmResultsController-iOS */;
			targetProxy = C1A0029E1B9702C2000C0E8C /* PBXContainerItemProxy */;
		};
/* End PBXTargetDependency section */

/* Begin PBXVariantGroup section */
		C18C37681B72670F008DE6A6 /* Main.storyboard */ = {
			isa = PBXVariantGroup;
			children = (
				C18C37691B72670F008DE6A6 /* Base */,
			);
			name = Main.storyboard;
			sourceTree = "<group>";
		};
		C18C376D1B72670F008DE6A6 /* LaunchScreen.storyboard */ = {
			isa = PBXVariantGroup;
			children = (
				C18C376E1B72670F008DE6A6 /* Base */,
			);
			name = LaunchScreen.storyboard;
			sourceTree = "<group>";
		};
/* End PBXVariantGroup section */

/* Begin XCBuildConfiguration section */
		C18C377C1B72670F008DE6A6 /* Debug */ = {
			isa = XCBuildConfiguration;
			buildSettings = {
				ALWAYS_SEARCH_USER_PATHS = NO;
				CLANG_CXX_LANGUAGE_STANDARD = "gnu++0x";
				CLANG_CXX_LIBRARY = "libc++";
				CLANG_ENABLE_MODULES = YES;
				CLANG_ENABLE_OBJC_ARC = YES;
				CLANG_WARN_BOOL_CONVERSION = YES;
				CLANG_WARN_CONSTANT_CONVERSION = YES;
				CLANG_WARN_DIRECT_OBJC_ISA_USAGE = YES_ERROR;
				CLANG_WARN_EMPTY_BODY = YES;
				CLANG_WARN_ENUM_CONVERSION = YES;
				CLANG_WARN_INT_CONVERSION = YES;
				CLANG_WARN_OBJC_ROOT_CLASS = YES_ERROR;
				CLANG_WARN_UNREACHABLE_CODE = YES;
				CLANG_WARN__DUPLICATE_METHOD_MATCH = YES;
				"CODE_SIGN_IDENTITY[sdk=iphoneos*]" = "iPhone Developer";
				COPY_PHASE_STRIP = NO;
				DEBUG_INFORMATION_FORMAT = dwarf;
				ENABLE_STRICT_OBJC_MSGSEND = YES;
				ENABLE_TESTABILITY = YES;
				GCC_C_LANGUAGE_STANDARD = gnu99;
				GCC_DYNAMIC_NO_PIC = NO;
				GCC_NO_COMMON_BLOCKS = YES;
				GCC_OPTIMIZATION_LEVEL = 0;
				GCC_PREPROCESSOR_DEFINITIONS = (
					"DEBUG=1",
					"$(inherited)",
				);
				GCC_WARN_64_TO_32_BIT_CONVERSION = YES;
				GCC_WARN_ABOUT_RETURN_TYPE = YES_ERROR;
				GCC_WARN_UNDECLARED_SELECTOR = YES;
				GCC_WARN_UNINITIALIZED_AUTOS = YES_AGGRESSIVE;
				GCC_WARN_UNUSED_FUNCTION = YES;
				GCC_WARN_UNUSED_VARIABLE = YES;
				IPHONEOS_DEPLOYMENT_TARGET = 9.0;
				MTL_ENABLE_DEBUG_INFO = YES;
				ONLY_ACTIVE_ARCH = YES;
				SDKROOT = iphoneos;
				SWIFT_OPTIMIZATION_LEVEL = "-Onone";
				TARGETED_DEVICE_FAMILY = "1,2";
			};
			name = Debug;
		};
		C18C377D1B72670F008DE6A6 /* Release */ = {
			isa = XCBuildConfiguration;
			buildSettings = {
				ALWAYS_SEARCH_USER_PATHS = NO;
				CLANG_CXX_LANGUAGE_STANDARD = "gnu++0x";
				CLANG_CXX_LIBRARY = "libc++";
				CLANG_ENABLE_MODULES = YES;
				CLANG_ENABLE_OBJC_ARC = YES;
				CLANG_WARN_BOOL_CONVERSION = YES;
				CLANG_WARN_CONSTANT_CONVERSION = YES;
				CLANG_WARN_DIRECT_OBJC_ISA_USAGE = YES_ERROR;
				CLANG_WARN_EMPTY_BODY = YES;
				CLANG_WARN_ENUM_CONVERSION = YES;
				CLANG_WARN_INT_CONVERSION = YES;
				CLANG_WARN_OBJC_ROOT_CLASS = YES_ERROR;
				CLANG_WARN_UNREACHABLE_CODE = YES;
				CLANG_WARN__DUPLICATE_METHOD_MATCH = YES;
				"CODE_SIGN_IDENTITY[sdk=iphoneos*]" = "iPhone Developer";
				COPY_PHASE_STRIP = NO;
				DEBUG_INFORMATION_FORMAT = "dwarf-with-dsym";
				ENABLE_NS_ASSERTIONS = NO;
				ENABLE_STRICT_OBJC_MSGSEND = YES;
				GCC_C_LANGUAGE_STANDARD = gnu99;
				GCC_NO_COMMON_BLOCKS = YES;
				GCC_WARN_64_TO_32_BIT_CONVERSION = YES;
				GCC_WARN_ABOUT_RETURN_TYPE = YES_ERROR;
				GCC_WARN_UNDECLARED_SELECTOR = YES;
				GCC_WARN_UNINITIALIZED_AUTOS = YES_AGGRESSIVE;
				GCC_WARN_UNUSED_FUNCTION = YES;
				GCC_WARN_UNUSED_VARIABLE = YES;
				IPHONEOS_DEPLOYMENT_TARGET = 9.0;
				MTL_ENABLE_DEBUG_INFO = NO;
				SDKROOT = iphoneos;
				TARGETED_DEVICE_FAMILY = "1,2";
				VALIDATE_PRODUCT = YES;
			};
			name = Release;
		};
		C18C377F1B72670F008DE6A6 /* Debug */ = {
			isa = XCBuildConfiguration;
			buildSettings = {
				ASSETCATALOG_COMPILER_APPICON_NAME = AppIcon;
				DEVELOPMENT_TEAM = 2MD84ZL696;
				FRAMEWORK_SEARCH_PATHS = (
					"$(inherited)",
					"$(PROJECT_DIR)/Carthage/Build/iOS",
				);
				INFOPLIST_FILE = Example/RealmResultsController/Info.plist;
				IPHONEOS_DEPLOYMENT_TARGET = 8.0;
				LD_RUNPATH_SEARCH_PATHS = "$(inherited) @executable_path/Frameworks @loader_path/Frameworks";
				PRODUCT_BUNDLE_IDENTIFIER = redbooth.RealmResultsController;
				PRODUCT_NAME = "RealmResultsController-Example";
				SWIFT_VERSION = 3.0;
			};
			name = Debug;
		};
		C18C37801B72670F008DE6A6 /* Release */ = {
			isa = XCBuildConfiguration;
			buildSettings = {
				ASSETCATALOG_COMPILER_APPICON_NAME = AppIcon;
				DEVELOPMENT_TEAM = 2MD84ZL696;
				FRAMEWORK_SEARCH_PATHS = (
					"$(inherited)",
					"$(PROJECT_DIR)/Carthage/Build/iOS",
				);
				INFOPLIST_FILE = Example/RealmResultsController/Info.plist;
				IPHONEOS_DEPLOYMENT_TARGET = 8.0;
				LD_RUNPATH_SEARCH_PATHS = "$(inherited) @executable_path/Frameworks @loader_path/Frameworks";
				PRODUCT_BUNDLE_IDENTIFIER = redbooth.RealmResultsController;
				PRODUCT_NAME = "RealmResultsController-Example";
				SWIFT_OPTIMIZATION_LEVEL = "-Owholemodule";
				SWIFT_VERSION = 3.0;
			};
			name = Release;
		};
		C1A002A21B9702C2000C0E8C /* Debug */ = {
			isa = XCBuildConfiguration;
			buildSettings = {
				APPLICATION_EXTENSION_API_ONLY = YES;
				"CODE_SIGN_IDENTITY[sdk=iphoneos*]" = "iPhone Developer";
				CURRENT_PROJECT_VERSION = 1;
				DEFINES_MODULE = YES;
				DEVELOPMENT_TEAM = "";
				DYLIB_COMPATIBILITY_VERSION = 1;
				DYLIB_CURRENT_VERSION = 1;
				DYLIB_INSTALL_NAME_BASE = "@rpath";
				FRAMEWORK_SEARCH_PATHS = (
					"$(inherited)",
					"$(PROJECT_DIR)/Carthage/Build/iOS",
				);
				INFOPLIST_FILE = "Example/RealmResultsController-iOS/Info.plist";
				INSTALL_PATH = "$(LOCAL_LIBRARY_DIR)/Frameworks";
				IPHONEOS_DEPLOYMENT_TARGET = 8.0;
				LD_RUNPATH_SEARCH_PATHS = "$(inherited) @executable_path/Frameworks @loader_path/Frameworks";
				PRODUCT_BUNDLE_IDENTIFIER = "redbooth.RealmResultsController-iOS";
				PRODUCT_NAME = RealmResultsController;
				SKIP_INSTALL = YES;
				SWIFT_VERSION = 3.0;
				VERSIONING_SYSTEM = "apple-generic";
				VERSION_INFO_PREFIX = "";
			};
			name = Debug;
		};
		C1A002A31B9702C2000C0E8C /* Release */ = {
			isa = XCBuildConfiguration;
			buildSettings = {
				APPLICATION_EXTENSION_API_ONLY = YES;
				CURRENT_PROJECT_VERSION = 1;
				DEFINES_MODULE = YES;
				DEVELOPMENT_TEAM = "";
				DYLIB_COMPATIBILITY_VERSION = 1;
				DYLIB_CURRENT_VERSION = 1;
				DYLIB_INSTALL_NAME_BASE = "@rpath";
				FRAMEWORK_SEARCH_PATHS = (
					"$(inherited)",
					"$(PROJECT_DIR)/Carthage/Build/iOS",
				);
				INFOPLIST_FILE = "Example/RealmResultsController-iOS/Info.plist";
				INSTALL_PATH = "$(LOCAL_LIBRARY_DIR)/Frameworks";
				IPHONEOS_DEPLOYMENT_TARGET = 8.0;
				LD_RUNPATH_SEARCH_PATHS = "$(inherited) @executable_path/Frameworks @loader_path/Frameworks";
				PRODUCT_BUNDLE_IDENTIFIER = "redbooth.RealmResultsController-iOS";
				PRODUCT_NAME = RealmResultsController;
				SKIP_INSTALL = YES;
				SWIFT_OPTIMIZATION_LEVEL = "-Owholemodule";
				SWIFT_VERSION = 3.0;
				VERSIONING_SYSTEM = "apple-generic";
				VERSION_INFO_PREFIX = "";
			};
			name = Release;
		};
		C1A002A41B9702C2000C0E8C /* Debug */ = {
			isa = XCBuildConfiguration;
			buildSettings = {
				DEVELOPMENT_TEAM = 2MD84ZL696;
				FRAMEWORK_SEARCH_PATHS = (
					"$(inherited)",
					"$(PROJECT_DIR)/Carthage/Build/iOS",
				);
				INFOPLIST_FILE = "Example/RealmResultsController-iOSTests/Info.plist";
				LD_RUNPATH_SEARCH_PATHS = "$(inherited) @executable_path/Frameworks @loader_path/Frameworks";
				PRODUCT_BUNDLE_IDENTIFIER = "redbooth.RealmResultsController-iOSTests";
				PRODUCT_NAME = "$(TARGET_NAME)";
				SWIFT_VERSION = 3.0;
				TEST_HOST = "$(BUILT_PRODUCTS_DIR)/RealmResultsController-Example.app/RealmResultsController-Example";
			};
			name = Debug;
		};
		C1A002A51B9702C2000C0E8C /* Release */ = {
			isa = XCBuildConfiguration;
			buildSettings = {
				DEVELOPMENT_TEAM = 2MD84ZL696;
				FRAMEWORK_SEARCH_PATHS = (
					"$(inherited)",
					"$(PROJECT_DIR)/Carthage/Build/iOS",
				);
				INFOPLIST_FILE = "Example/RealmResultsController-iOSTests/Info.plist";
				LD_RUNPATH_SEARCH_PATHS = "$(inherited) @executable_path/Frameworks @loader_path/Frameworks";
				PRODUCT_BUNDLE_IDENTIFIER = "redbooth.RealmResultsController-iOSTests";
				PRODUCT_NAME = "$(TARGET_NAME)";
				SWIFT_OPTIMIZATION_LEVEL = "-Owholemodule";
				SWIFT_VERSION = 3.0;
				TEST_HOST = "$(BUILT_PRODUCTS_DIR)/RealmResultsController-Example.app/RealmResultsController-Example";
			};
			name = Release;
		};
/* End XCBuildConfiguration section */

/* Begin XCConfigurationList section */
		C18C375C1B72670F008DE6A6 /* Build configuration list for PBXProject "RealmResultsController" */ = {
			isa = XCConfigurationList;
			buildConfigurations = (
				C18C377C1B72670F008DE6A6 /* Debug */,
				C18C377D1B72670F008DE6A6 /* Release */,
			);
			defaultConfigurationIsVisible = 0;
			defaultConfigurationName = Release;
		};
		C18C377E1B72670F008DE6A6 /* Build configuration list for PBXNativeTarget "RealmResultsController" */ = {
			isa = XCConfigurationList;
			buildConfigurations = (
				C18C377F1B72670F008DE6A6 /* Debug */,
				C18C37801B72670F008DE6A6 /* Release */,
			);
			defaultConfigurationIsVisible = 0;
			defaultConfigurationName = Release;
		};
		C1A002A61B9702C2000C0E8C /* Build configuration list for PBXNativeTarget "RealmResultsController-iOS" */ = {
			isa = XCConfigurationList;
			buildConfigurations = (
				C1A002A21B9702C2000C0E8C /* Debug */,
				C1A002A31B9702C2000C0E8C /* Release */,
			);
			defaultConfigurationIsVisible = 0;
			defaultConfigurationName = Release;
		};
		C1A002A71B9702C2000C0E8C /* Build configuration list for PBXNativeTarget "RealmResultsController-iOSTests" */ = {
			isa = XCConfigurationList;
			buildConfigurations = (
				C1A002A41B9702C2000C0E8C /* Debug */,
				C1A002A51B9702C2000C0E8C /* Release */,
			);
			defaultConfigurationIsVisible = 0;
			defaultConfigurationName = Release;
		};
/* End XCConfigurationList section */
	};
	rootObject = C18C37591B72670F008DE6A6 /* Project object */;
}
